
Microsoft Visual Studio Solution File, Format Version 12.00
# Visual Studio Version 16
VisualStudioVersion = 16.0.32802.440
MinimumVisualStudioVersion = 10.0.40219.1
Project("{FAE04EC0-301F-11D3-BF4B-00C04F79EFBC}") = "WebApplication5", "WebApplication5\WebApplication5.csproj", "{E8A56D45-37BD-42F0-9C23-226CBC105BED}"
EndProject
Global
	GlobalSection(SolutionConfigurationPlatforms) = preSolution
		Debug|Any CPU = Debug|Any CPU
		Release|Any CPU = Release|Any CPU
	EndGlobalSection
	GlobalSection(ProjectConfigurationPlatforms) = postSolution
		{E8A56D45-37BD-42F0-9C23-226CBC105BED}.Debug|Any CPU.ActiveCfg = Debug|Any CPU
		{E8A56D45-37BD-42F0-9C23-226CBC105BED}.Debug|Any CPU.Build.0 = Debug|Any CPU
		{E8A56D45-37BD-42F0-9C23-226CBC105BED}.Release|Any CPU.ActiveCfg = Release|Any CPU
		{E8A56D45-37BD-42F0-9C23-226CBC105BED}.Release|Any CPU.Build.0 = Release|Any CPU
	EndGlobalSection
	GlobalSection(SolutionProperties) = preSolution
		HideSolutionNode = FALSE
	EndGlobalSection
	GlobalSection(ExtensibilityGlobals) = postSolution
		SolutionGuid = {30E9A668-41FD-45F9-A812-7877F910F953}
	EndGlobalSection
EndGlobal
