
Microsoft Visual Studio Solution File, Format Version 12.00
# Visual Studio Version 16
VisualStudioVersion = 16.0.32802.440
MinimumVisualStudioVersion = 10.0.40219.1
Project("{FAE04EC0-301F-11D3-BF4B-00C04F79EFBC}") = "Registration Form", "Registration Form\Registration Form.csproj", "{12D612EE-5DA5-453D-AA5E-56E71D9FDF3C}"
EndProject
Global
	GlobalSection(SolutionConfigurationPlatforms) = preSolution
		Debug|Any CPU = Debug|Any CPU
		Release|Any CPU = Release|Any CPU
	EndGlobalSection
	GlobalSection(ProjectConfigurationPlatforms) = postSolution
		{12D612EE-5DA5-453D-AA5E-56E71D9FDF3C}.Debug|Any CPU.ActiveCfg = Debug|Any CPU
		{12D612EE-5DA5-453D-AA5E-56E71D9FDF3C}.Debug|Any CPU.Build.0 = Debug|Any CPU
		{12D612EE-5DA5-453D-AA5E-56E71D9FDF3C}.Release|Any CPU.ActiveCfg = Release|Any CPU
		{12D612EE-5DA5-453D-AA5E-56E71D9FDF3C}.Release|Any CPU.Build.0 = Release|Any CPU
	EndGlobalSection
	GlobalSection(SolutionProperties) = preSolution
		HideSolutionNode = FALSE
	EndGlobalSection
	GlobalSection(ExtensibilityGlobals) = postSolution
		SolutionGuid = {C645EA81-CCD6-43A0-A134-48AD633DDAD7}
	EndGlobalSection
EndGlobal
